
Microsoft Visual Studio Solution File, Format Version 12.00
# Visual Studio Version 17
VisualStudioVersion = 17.0.32014.148
MinimumVisualStudioVersion = 10.0.40219.1
Project("{FAE04EC0-301F-11D3-BF4B-00C04F79EFBC}") = "WSBManager", "WSBManager\WSBManager.csproj", "{03C13C94-0359-419A-BB86-19FC52304594}"
EndProject
Project("{C7167F0D-BC9F-4E6E-AFE1-012C56B48DB5}") = "WSBManager.Pack", "WSBManagerPackage\WSBManager.Pack.wapproj", "{66B5A15A-CFB6-43F0-9B46-BDC641736752}"
EndProject
Project("{FAE04EC0-301F-11D3-BF4B-00C04F79EFBC}") = "WSBManager.SLH", "WSBManager.SLH\WSBManager.SLH.csproj", "{604E938C-C386-4CEE-AD7C-EB9D7428A5F6}"
EndProject
Global
	GlobalSection(SolutionConfigurationPlatforms) = preSolution
		Debug|Any CPU = Debug|Any CPU
		Debug|ARM = Debug|ARM
		Debug|ARM64 = Debug|ARM64
		Debug|x64 = Debug|x64
		Debug|x86 = Debug|x86
		Release|Any CPU = Release|Any CPU
		Release|ARM = Release|ARM
		Release|ARM64 = Release|ARM64
		Release|x64 = Release|x64
		Release|x86 = Release|x86
	EndGlobalSection
	GlobalSection(ProjectConfigurationPlatforms) = postSolution
		{03C13C94-0359-419A-BB86-19FC52304594}.Debug|Any CPU.ActiveCfg = Debug|x86
		{03C13C94-0359-419A-BB86-19FC52304594}.Debug|ARM.ActiveCfg = Debug|ARM
		{03C13C94-0359-419A-BB86-19FC52304594}.Debug|ARM.Build.0 = Debug|ARM
		{03C13C94-0359-419A-BB86-19FC52304594}.Debug|ARM64.ActiveCfg = Debug|ARM64
		{03C13C94-0359-419A-BB86-19FC52304594}.Debug|ARM64.Build.0 = Debug|ARM64
		{03C13C94-0359-419A-BB86-19FC52304594}.Debug|x64.ActiveCfg = Debug|x64
		{03C13C94-0359-419A-BB86-19FC52304594}.Debug|x64.Build.0 = Debug|x64
		{03C13C94-0359-419A-BB86-19FC52304594}.Debug|x86.ActiveCfg = Debug|x86
		{03C13C94-0359-419A-BB86-19FC52304594}.Debug|x86.Build.0 = Debug|x86
		{03C13C94-0359-419A-BB86-19FC52304594}.Release|Any CPU.ActiveCfg = Release|x86
		{03C13C94-0359-419A-BB86-19FC52304594}.Release|ARM.ActiveCfg = Release|ARM
		{03C13C94-0359-419A-BB86-19FC52304594}.Release|ARM.Build.0 = Release|ARM
		{03C13C94-0359-419A-BB86-19FC52304594}.Release|ARM64.ActiveCfg = Release|ARM64
		{03C13C94-0359-419A-BB86-19FC52304594}.Release|ARM64.Build.0 = Release|ARM64
		{03C13C94-0359-419A-BB86-19FC52304594}.Release|x64.ActiveCfg = Release|x64
		{03C13C94-0359-419A-BB86-19FC52304594}.Release|x64.Build.0 = Release|x64
		{03C13C94-0359-419A-BB86-19FC52304594}.Release|x86.ActiveCfg = Release|x86
		{03C13C94-0359-419A-BB86-19FC52304594}.Release|x86.Build.0 = Release|x86
		{66B5A15A-CFB6-43F0-9B46-BDC641736752}.Debug|Any CPU.ActiveCfg = Debug|Any CPU
		{66B5A15A-CFB6-43F0-9B46-BDC641736752}.Debug|Any CPU.Build.0 = Debug|Any CPU
		{66B5A15A-CFB6-43F0-9B46-BDC641736752}.Debug|Any CPU.Deploy.0 = Debug|Any CPU
		{66B5A15A-CFB6-43F0-9B46-BDC641736752}.Debug|ARM.ActiveCfg = Debug|ARM
		{66B5A15A-CFB6-43F0-9B46-BDC641736752}.Debug|ARM.Build.0 = Debug|ARM
		{66B5A15A-CFB6-43F0-9B46-BDC641736752}.Debug|ARM.Deploy.0 = Debug|ARM
		{66B5A15A-CFB6-43F0-9B46-BDC641736752}.Debug|ARM64.ActiveCfg = Debug|ARM64
		{66B5A15A-CFB6-43F0-9B46-BDC641736752}.Debug|ARM64.Build.0 = Debug|ARM64
		{66B5A15A-CFB6-43F0-9B46-BDC641736752}.Debug|ARM64.Deploy.0 = Debug|ARM64
		{66B5A15A-CFB6-43F0-9B46-BDC641736752}.Debug|x64.ActiveCfg = Debug|x64
		{66B5A15A-CFB6-43F0-9B46-BDC641736752}.Debug|x64.Build.0 = Debug|x64
		{66B5A15A-CFB6-43F0-9B46-BDC641736752}.Debug|x64.Deploy.0 = Debug|x64
		{66B5A15A-CFB6-43F0-9B46-BDC641736752}.Debug|x86.ActiveCfg = Debug|x86
		{66B5A15A-CFB6-43F0-9B46-BDC641736752}.Debug|x86.Build.0 = Debug|x86
		{66B5A15A-CFB6-43F0-9B46-BDC641736752}.Debug|x86.Deploy.0 = Debug|x86
		{66B5A15A-CFB6-43F0-9B46-BDC641736752}.Release|Any CPU.ActiveCfg = Release|Any CPU
		{66B5A15A-CFB6-43F0-9B46-BDC641736752}.Release|Any CPU.Build.0 = Release|Any CPU
		{66B5A15A-CFB6-43F0-9B46-BDC641736752}.Release|Any CPU.Deploy.0 = Release|Any CPU
		{66B5A15A-CFB6-43F0-9B46-BDC641736752}.Release|ARM.ActiveCfg = Release|ARM
		{66B5A15A-CFB6-43F0-9B46-BDC641736752}.Release|ARM.Build.0 = Release|ARM
		{66B5A15A-CFB6-43F0-9B46-BDC641736752}.Release|ARM.Deploy.0 = Release|ARM
		{66B5A15A-CFB6-43F0-9B46-BDC641736752}.Release|ARM64.ActiveCfg = Release|ARM64
		{66B5A15A-CFB6-43F0-9B46-BDC641736752}.Release|ARM64.Build.0 = Release|ARM64
		{66B5A15A-CFB6-43F0-9B46-BDC641736752}.Release|ARM64.Deploy.0 = Release|ARM64
		{66B5A15A-CFB6-43F0-9B46-BDC641736752}.Release|x64.ActiveCfg = Release|x64
		{66B5A15A-CFB6-43F0-9B46-BDC641736752}.Release|x64.Build.0 = Release|x64
		{66B5A15A-CFB6-43F0-9B46-BDC641736752}.Release|x64.Deploy.0 = Release|x64
		{66B5A15A-CFB6-43F0-9B46-BDC641736752}.Release|x86.ActiveCfg = Release|x86
		{66B5A15A-CFB6-43F0-9B46-BDC641736752}.Release|x86.Build.0 = Release|x86
		{66B5A15A-CFB6-43F0-9B46-BDC641736752}.Release|x86.Deploy.0 = Release|x86
		{604E938C-C386-4CEE-AD7C-EB9D7428A5F6}.Debug|Any CPU.ActiveCfg = Debug|Any CPU
		{604E938C-C386-4CEE-AD7C-EB9D7428A5F6}.Debug|Any CPU.Build.0 = Debug|Any CPU
		{604E938C-C386-4CEE-AD7C-EB9D7428A5F6}.Debug|ARM.ActiveCfg = Debug|Any CPU
		{604E938C-C386-4CEE-AD7C-EB9D7428A5F6}.Debug|ARM.Build.0 = Debug|Any CPU
		{604E938C-C386-4CEE-AD7C-EB9D7428A5F6}.Debug|ARM64.ActiveCfg = Debug|Any CPU
		{604E938C-C386-4CEE-AD7C-EB9D7428A5F6}.Debug|ARM64.Build.0 = Debug|Any CPU
		{604E938C-C386-4CEE-AD7C-EB9D7428A5F6}.Debug|x64.ActiveCfg = Debug|Any CPU
		{604E938C-C386-4CEE-AD7C-EB9D7428A5F6}.Debug|x64.Build.0 = Debug|Any CPU
		{604E938C-C386-4CEE-AD7C-EB9D7428A5F6}.Debug|x86.ActiveCfg = Debug|Any CPU
		{604E938C-C386-4CEE-AD7C-EB9D7428A5F6}.Debug|x86.Build.0 = Debug|Any CPU
		{604E938C-C386-4CEE-AD7C-EB9D7428A5F6}.Release|Any CPU.ActiveCfg = Release|Any CPU
		{604E938C-C386-4CEE-AD7C-EB9D7428A5F6}.Release|Any CPU.Build.0 = Release|Any CPU
		{604E938C-C386-4CEE-AD7C-EB9D7428A5F6}.Release|ARM.ActiveCfg = Release|Any CPU
		{604E938C-C386-4CEE-AD7C-EB9D7428A5F6}.Release|ARM.Build.0 = Release|Any CPU
		{604E938C-C386-4CEE-AD7C-EB9D7428A5F6}.Release|ARM64.ActiveCfg = Release|Any CPU
		{604E938C-C386-4CEE-AD7C-EB9D7428A5F6}.Release|ARM64.Build.0 = Release|Any CPU
		{604E938C-C386-4CEE-AD7C-EB9D7428A5F6}.Release|x64.ActiveCfg = Release|Any CPU
		{604E938C-C386-4CEE-AD7C-EB9D7428A5F6}.Release|x64.Build.0 = Release|Any CPU
		{604E938C-C386-4CEE-AD7C-EB9D7428A5F6}.Release|x86.ActiveCfg = Release|Any CPU
		{604E938C-C386-4CEE-AD7C-EB9D7428A5F6}.Release|x86.Build.0 = Release|Any CPU
	EndGlobalSection
	GlobalSection(SolutionProperties) = preSolution
		HideSolutionNode = FALSE
	EndGlobalSection
	GlobalSection(ExtensibilityGlobals) = postSolution
		SolutionGuid = {9EB60BCA-0FE2-49F4-A5CE-1CB895F1A583}
	EndGlobalSection
EndGlobal
